
Microsoft Visual Studio Solution File, Format Version 12.00
# Visual Studio Version 16
VisualStudioVersion = 25.0.1706.8
MinimumVisualStudioVersion = 10.0.40219.1
Project("{FAE04EC0-301F-11D3-BF4B-00C04F79EFBC}") = "Hundeklub Ismail", "Hundeklub Ismail\Hundeklub Ismail.csproj", "{5DE3AC3F-F0F3-4329-937F-C284CF03AB79}"
EndProject
Global
	GlobalSection(SolutionConfigurationPlatforms) = preSolution
		Debug|Any CPU = Debug|Any CPU
		Release|Any CPU = Release|Any CPU
	EndGlobalSection
	GlobalSection(ProjectConfigurationPlatforms) = postSolution
		{5DE3AC3F-F0F3-4329-937F-C284CF03AB79}.Debug|Any CPU.ActiveCfg = Debug|Any CPU
		{5DE3AC3F-F0F3-4329-937F-C284CF03AB79}.Debug|Any CPU.Build.0 = Debug|Any CPU
		{5DE3AC3F-F0F3-4329-937F-C284CF03AB79}.Release|Any CPU.ActiveCfg = Release|Any CPU
		{5DE3AC3F-F0F3-4329-937F-C284CF03AB79}.Release|Any CPU.Build.0 = Release|Any CPU
	EndGlobalSection
	GlobalSection(SolutionProperties) = preSolution
		HideSolutionNode = FALSE
	EndGlobalSection
	GlobalSection(ExtensibilityGlobals) = postSolution
		SolutionGuid = {F47C8E22-9233-41BF-8481-21EDC7B57373}
	EndGlobalSection
EndGlobal
